{
  "requires": true,
  "lockfileVersion": 1,
  "dependencies": {
    "img-previewer": {
      "version": "2.1.7",
      "resolved": "https://registry.npmjs.org/img-previewer/-/img-previewer-2.1.7.tgz",
      "integrity": "sha512-4vdBb8he4VfrQugUTPqISHpnc+FfJT01+VerTSrgVVE4L3uzfZjIRc0GiIPiu5phxt7+Xao5JQIlKwMZCsHuGw=="
    },
    "jbox": {
      "version": "1.3.3",
      "resolved": "https://registry.npmjs.org/jbox/-/jbox-1.3.3.tgz",
      "integrity": "sha512-aayuZDf4Dc3w/adEdixUetNxJMIbThgt3r9Gfsxh8rWqBBEM3ODKON3YWSwpjgy7BzUHQjIeZ2sdPwV8RSVW6w==",
      "requires": {
        "jquery": "^3.6.0"
      }
    },
    "jquery": {
      "version": "3.6.1",
      "resolved": "https://registry.npmjs.org/jquery/-/jquery-3.6.1.tgz",
      "integrity": "sha512-opJeO4nCucVnsjiXOE+/PcCgYw9Gwpvs/a6B1LL/lQhwWwpbVEVYDZ1FokFr8PRc7ghYlrFPuyHuiiDNTQxmcw=="
    }
  }
}
